
Microsoft Visual Studio Solution File, Format Version 12.00
# Visual Studio Version 16
VisualStudioVersion = 16.0.30320.27
MinimumVisualStudioVersion = 10.0.40219.1
Project("{9A19103F-16F7-4668-BE54-9A1E7A4F7556}") = "SimpleTidalApi", "SimpleTidalApi\SimpleTidalApi.csproj", "{70C861F7-9207-42CB-99AC-3508641B9F91}"
EndProject
Project("{9A19103F-16F7-4668-BE54-9A1E7A4F7556}") = "SimpleTidalApiTests", "SimpleTidalApiTests\SimpleTidalApiTests.csproj", "{EFF1C4D7-0D66-4C6F-A58D-0671659112B6}"
EndProject
Global
	GlobalSection(SolutionConfigurationPlatforms) = preSolution
		Debug|Any CPU = Debug|Any CPU
		Debug|x64 = Debug|x64
		Debug|x86 = Debug|x86
		Release|Any CPU = Release|Any CPU
		Release|x64 = Release|x64
		Release|x86 = Release|x86
	EndGlobalSection
	GlobalSection(ProjectConfigurationPlatforms) = postSolution
		{70C861F7-9207-42CB-99AC-3508641B9F91}.Debug|Any CPU.ActiveCfg = Debug|Any CPU
		{70C861F7-9207-42CB-99AC-3508641B9F91}.Debug|Any CPU.Build.0 = Debug|Any CPU
		{70C861F7-9207-42CB-99AC-3508641B9F91}.Debug|x64.ActiveCfg = Debug|Any CPU
		{70C861F7-9207-42CB-99AC-3508641B9F91}.Debug|x64.Build.0 = Debug|Any CPU
		{70C861F7-9207-42CB-99AC-3508641B9F91}.Debug|x86.ActiveCfg = Debug|Any CPU
		{70C861F7-9207-42CB-99AC-3508641B9F91}.Debug|x86.Build.0 = Debug|Any CPU
		{70C861F7-9207-42CB-99AC-3508641B9F91}.Release|Any CPU.ActiveCfg = Release|Any CPU
		{70C861F7-9207-42CB-99AC-3508641B9F91}.Release|Any CPU.Build.0 = Release|Any CPU
		{70C861F7-9207-42CB-99AC-3508641B9F91}.Release|x64.ActiveCfg = Release|Any CPU
		{70C861F7-9207-42CB-99AC-3508641B9F91}.Release|x64.Build.0 = Release|Any CPU
		{70C861F7-9207-42CB-99AC-3508641B9F91}.Release|x86.ActiveCfg = Release|Any CPU
		{70C861F7-9207-42CB-99AC-3508641B9F91}.Release|x86.Build.0 = Release|Any CPU
		{EFF1C4D7-0D66-4C6F-A58D-0671659112B6}.Debug|Any CPU.ActiveCfg = Debug|Any CPU
		{EFF1C4D7-0D66-4C6F-A58D-0671659112B6}.Debug|Any CPU.Build.0 = Debug|Any CPU
		{EFF1C4D7-0D66-4C6F-A58D-0671659112B6}.Debug|x64.ActiveCfg = Debug|Any CPU
		{EFF1C4D7-0D66-4C6F-A58D-0671659112B6}.Debug|x64.Build.0 = Debug|Any CPU
		{EFF1C4D7-0D66-4C6F-A58D-0671659112B6}.Debug|x86.ActiveCfg = Debug|Any CPU
		{EFF1C4D7-0D66-4C6F-A58D-0671659112B6}.Debug|x86.Build.0 = Debug|Any CPU
		{EFF1C4D7-0D66-4C6F-A58D-0671659112B6}.Release|Any CPU.ActiveCfg = Release|Any CPU
		{EFF1C4D7-0D66-4C6F-A58D-0671659112B6}.Release|Any CPU.Build.0 = Release|Any CPU
		{EFF1C4D7-0D66-4C6F-A58D-0671659112B6}.Release|x64.ActiveCfg = Release|Any CPU
		{EFF1C4D7-0D66-4C6F-A58D-0671659112B6}.Release|x64.Build.0 = Release|Any CPU
		{EFF1C4D7-0D66-4C6F-A58D-0671659112B6}.Release|x86.ActiveCfg = Release|Any CPU
		{EFF1C4D7-0D66-4C6F-A58D-0671659112B6}.Release|x86.Build.0 = Release|Any CPU
	EndGlobalSection
	GlobalSection(SolutionProperties) = preSolution
		HideSolutionNode = FALSE
	EndGlobalSection
	GlobalSection(ExtensibilityGlobals) = postSolution
		SolutionGuid = {DBF8C9E7-32E8-4218-9B77-CA07A41AC711}
	EndGlobalSection
EndGlobal
